
Microsoft Visual Studio Solution File, Format Version 12.00
# Visual Studio Version 17
VisualStudioVersion = 17.3.32922.545
MinimumVisualStudioVersion = 10.0.40219.1
Project("{FAE04EC0-301F-11D3-BF4B-00C04F79EFBC}") = "CarRentalApp", "CarRentalApp\CarRentalApp.csproj", "{6FA93BF9-450A-4649-A711-38BDC8BD7386}"
EndProject
Global
	GlobalSection(SolutionConfigurationPlatforms) = preSolution
		Debug|Any CPU = Debug|Any CPU
		Release|Any CPU = Release|Any CPU
	EndGlobalSection
	GlobalSection(ProjectConfigurationPlatforms) = postSolution
		{6FA93BF9-450A-4649-A711-38BDC8BD7386}.Debug|Any CPU.ActiveCfg = Debug|Any CPU
		{6FA93BF9-450A-4649-A711-38BDC8BD7386}.Debug|Any CPU.Build.0 = Debug|Any CPU
		{6FA93BF9-450A-4649-A711-38BDC8BD7386}.Release|Any CPU.ActiveCfg = Release|Any CPU
		{6FA93BF9-450A-4649-A711-38BDC8BD7386}.Release|Any CPU.Build.0 = Release|Any CPU
	EndGlobalSection
	GlobalSection(SolutionProperties) = preSolution
		HideSolutionNode = FALSE
	EndGlobalSection
	GlobalSection(ExtensibilityGlobals) = postSolution
		SolutionGuid = {7969B5E7-A115-4BB0-9ABE-E4354CCD67D3}
	EndGlobalSection
EndGlobal
